
Microsoft Visual Studio Solution File, Format Version 12.00
# Visual Studio Version 17
VisualStudioVersion = 17.0.31903.59
MinimumVisualStudioVersion = 10.0.40219.1
Project("{2150E333-8FDC-42A3-9474-1A3956D46DE8}") = "src", "src", "{827E0CD3-B72D-47B6-A68D-7590B98EB39B}"
EndProject
Project("{2150E333-8FDC-42A3-9474-1A3956D46DE8}") = "backend", "backend", "{FE360695-3F2B-1049-3887-35FBB5135923}"
EndProject
Project("{FAE04EC0-301F-11D3-BF4B-00C04F79EFBC}") = "Silvae.Api", "src\backend\Silvae.Api\Silvae.Api.csproj", "{AFCF1EC8-9CDD-478F-A055-03185D91E7E4}"
EndProject
Project("{FAE04EC0-301F-11D3-BF4B-00C04F79EFBC}") = "Silvae.Application", "src\backend\Silvae.Application\Silvae.Application.csproj", "{945DB111-4BF8-41C4-A735-9EA28CC093CA}"
EndProject
Project("{FAE04EC0-301F-11D3-BF4B-00C04F79EFBC}") = "Silvae.Domain", "src\backend\Silvae.Domain\Silvae.Domain.csproj", "{5B686E3A-7D4A-4025-9AB3-42D2E39FBEF0}"
EndProject
Project("{FAE04EC0-301F-11D3-BF4B-00C04F79EFBC}") = "Silvae.Infrastructure", "src\backend\Silvae.Infrastructure\Silvae.Infrastructure.csproj", "{555C4F00-6DC7-4088-A306-2011C85E7C2C}"
EndProject
Project("{2150E333-8FDC-42A3-9474-1A3956D46DE8}") = "tests", "tests", "{0AB3BF05-4346-4AA6-1389-037BE0695223}"
EndProject
Project("{FAE04EC0-301F-11D3-BF4B-00C04F79EFBC}") = "Silvae.Domain.Tests", "tests\Silvae.Domain.Tests\Silvae.Domain.Tests.csproj", "{C5219B70-1BA3-49AA-8866-F632E8CFB9BC}"
EndProject
Project("{FAE04EC0-301F-11D3-BF4B-00C04F79EFBC}") = "Silvae.Application.Tests", "tests\Silvae.Application.Tests\Silvae.Application.Tests.csproj", "{954079C3-9246-4B20-B92D-8346FDDDF326}"
EndProject
Project("{FAE04EC0-301F-11D3-BF4B-00C04F79EFBC}") = "Silvae.IntegrationTests", "tests\Silvae.IntegrationTests\Silvae.IntegrationTests.csproj", "{A76AD723-4533-43A3-8C2B-F06190C01AC7}"
EndProject
Global
	GlobalSection(SolutionConfigurationPlatforms) = preSolution
		Debug|Any CPU = Debug|Any CPU
		Debug|x64 = Debug|x64
		Debug|x86 = Debug|x86
		Release|Any CPU = Release|Any CPU
		Release|x64 = Release|x64
		Release|x86 = Release|x86
	EndGlobalSection
	GlobalSection(ProjectConfigurationPlatforms) = postSolution
		{AFCF1EC8-9CDD-478F-A055-03185D91E7E4}.Debug|Any CPU.ActiveCfg = Debug|Any CPU
		{AFCF1EC8-9CDD-478F-A055-03185D91E7E4}.Debug|Any CPU.Build.0 = Debug|Any CPU
		{AFCF1EC8-9CDD-478F-A055-03185D91E7E4}.Debug|x64.ActiveCfg = Debug|Any CPU
		{AFCF1EC8-9CDD-478F-A055-03185D91E7E4}.Debug|x64.Build.0 = Debug|Any CPU
		{AFCF1EC8-9CDD-478F-A055-03185D91E7E4}.Debug|x86.ActiveCfg = Debug|Any CPU
		{AFCF1EC8-9CDD-478F-A055-03185D91E7E4}.Debug|x86.Build.0 = Debug|Any CPU
		{AFCF1EC8-9CDD-478F-A055-03185D91E7E4}.Release|Any CPU.ActiveCfg = Release|Any CPU
		{AFCF1EC8-9CDD-478F-A055-03185D91E7E4}.Release|Any CPU.Build.0 = Release|Any CPU
		{AFCF1EC8-9CDD-478F-A055-03185D91E7E4}.Release|x64.ActiveCfg = Release|Any CPU
		{AFCF1EC8-9CDD-478F-A055-03185D91E7E4}.Release|x64.Build.0 = Release|Any CPU
		{AFCF1EC8-9CDD-478F-A055-03185D91E7E4}.Release|x86.ActiveCfg = Release|Any CPU
		{AFCF1EC8-9CDD-478F-A055-03185D91E7E4}.Release|x86.Build.0 = Release|Any CPU
		{945DB111-4BF8-41C4-A735-9EA28CC093CA}.Debug|Any CPU.ActiveCfg = Debug|Any CPU
		{945DB111-4BF8-41C4-A735-9EA28CC093CA}.Debug|Any CPU.Build.0 = Debug|Any CPU
		{945DB111-4BF8-41C4-A735-9EA28CC093CA}.Debug|x64.ActiveCfg = Debug|Any CPU
		{945DB111-4BF8-41C4-A735-9EA28CC093CA}.Debug|x64.Build.0 = Debug|Any CPU
		{945DB111-4BF8-41C4-A735-9EA28CC093CA}.Debug|x86.ActiveCfg = Debug|Any CPU
		{945DB111-4BF8-41C4-A735-9EA28CC093CA}.Debug|x86.Build.0 = Debug|Any CPU
		{945DB111-4BF8-41C4-A735-9EA28CC093CA}.Release|Any CPU.ActiveCfg = Release|Any CPU
		{945DB111-4BF8-41C4-A735-9EA28CC093CA}.Release|Any CPU.Build.0 = Release|Any CPU
		{945DB111-4BF8-41C4-A735-9EA28CC093CA}.Release|x64.ActiveCfg = Release|Any CPU
		{945DB111-4BF8-41C4-A735-9EA28CC093CA}.Release|x64.Build.0 = Release|Any CPU
		{945DB111-4BF8-41C4-A735-9EA28CC093CA}.Release|x86.ActiveCfg = Release|Any CPU
		{945DB111-4BF8-41C4-A735-9EA28CC093CA}.Release|x86.Build.0 = Release|Any CPU
		{5B686E3A-7D4A-4025-9AB3-42D2E39FBEF0}.Debug|Any CPU.ActiveCfg = Debug|Any CPU
		{5B686E3A-7D4A-4025-9AB3-42D2E39FBEF0}.Debug|Any CPU.Build.0 = Debug|Any CPU
		{5B686E3A-7D4A-4025-9AB3-42D2E39FBEF0}.Debug|x64.ActiveCfg = Debug|Any CPU
		{5B686E3A-7D4A-4025-9AB3-42D2E39FBEF0}.Debug|x64.Build.0 = Debug|Any CPU
		{5B686E3A-7D4A-4025-9AB3-42D2E39FBEF0}.Debug|x86.ActiveCfg = Debug|Any CPU
		{5B686E3A-7D4A-4025-9AB3-42D2E39FBEF0}.Debug|x86.Build.0 = Debug|Any CPU
		{5B686E3A-7D4A-4025-9AB3-42D2E39FBEF0}.Release|Any CPU.ActiveCfg = Release|Any CPU
		{5B686E3A-7D4A-4025-9AB3-42D2E39FBEF0}.Release|Any CPU.Build.0 = Release|Any CPU
		{5B686E3A-7D4A-4025-9AB3-42D2E39FBEF0}.Release|x64.ActiveCfg = Release|Any CPU
		{5B686E3A-7D4A-4025-9AB3-42D2E39FBEF0}.Release|x64.Build.0 = Release|Any CPU
		{5B686E3A-7D4A-4025-9AB3-42D2E39FBEF0}.Release|x86.ActiveCfg = Release|Any CPU
		{5B686E3A-7D4A-4025-9AB3-42D2E39FBEF0}.Release|x86.Build.0 = Release|Any CPU
		{555C4F00-6DC7-4088-A306-2011C85E7C2C}.Debug|Any CPU.ActiveCfg = Debug|Any CPU
		{555C4F00-6DC7-4088-A306-2011C85E7C2C}.Debug|Any CPU.Build.0 = Debug|Any CPU
		{555C4F00-6DC7-4088-A306-2011C85E7C2C}.Debug|x64.ActiveCfg = Debug|Any CPU
		{555C4F00-6DC7-4088-A306-2011C85E7C2C}.Debug|x64.Build.0 = Debug|Any CPU
		{555C4F00-6DC7-4088-A306-2011C85E7C2C}.Debug|x86.ActiveCfg = Debug|Any CPU
		{555C4F00-6DC7-4088-A306-2011C85E7C2C}.Debug|x86.Build.0 = Debug|Any CPU
		{555C4F00-6DC7-4088-A306-2011C85E7C2C}.Release|Any CPU.ActiveCfg = Release|Any CPU
		{555C4F00-6DC7-4088-A306-2011C85E7C2C}.Release|Any CPU.Build.0 = Release|Any CPU
		{555C4F00-6DC7-4088-A306-2011C85E7C2C}.Release|x64.ActiveCfg = Release|Any CPU
		{555C4F00-6DC7-4088-A306-2011C85E7C2C}.Release|x64.Build.0 = Release|Any CPU
		{555C4F00-6DC7-4088-A306-2011C85E7C2C}.Release|x86.ActiveCfg = Release|Any CPU
		{555C4F00-6DC7-4088-A306-2011C85E7C2C}.Release|x86.Build.0 = Release|Any CPU
		{C5219B70-1BA3-49AA-8866-F632E8CFB9BC}.Debug|Any CPU.ActiveCfg = Debug|Any CPU
		{C5219B70-1BA3-49AA-8866-F632E8CFB9BC}.Debug|Any CPU.Build.0 = Debug|Any CPU
		{C5219B70-1BA3-49AA-8866-F632E8CFB9BC}.Debug|x64.ActiveCfg = Debug|Any CPU
		{C5219B70-1BA3-49AA-8866-F632E8CFB9BC}.Debug|x64.Build.0 = Debug|Any CPU
		{C5219B70-1BA3-49AA-8866-F632E8CFB9BC}.Debug|x86.ActiveCfg = Debug|Any CPU
		{C5219B70-1BA3-49AA-8866-F632E8CFB9BC}.Debug|x86.Build.0 = Debug|Any CPU
		{C5219B70-1BA3-49AA-8866-F632E8CFB9BC}.Release|Any CPU.ActiveCfg = Release|Any CPU
		{C5219B70-1BA3-49AA-8866-F632E8CFB9BC}.Release|Any CPU.Build.0 = Release|Any CPU
		{C5219B70-1BA3-49AA-8866-F632E8CFB9BC}.Release|x64.ActiveCfg = Release|Any CPU
		{C5219B70-1BA3-49AA-8866-F632E8CFB9BC}.Release|x64.Build.0 = Release|Any CPU
		{C5219B70-1BA3-49AA-8866-F632E8CFB9BC}.Release|x86.ActiveCfg = Release|Any CPU
		{C5219B70-1BA3-49AA-8866-F632E8CFB9BC}.Release|x86.Build.0 = Release|Any CPU
		{954079C3-9246-4B20-B92D-8346FDDDF326}.Debug|Any CPU.ActiveCfg = Debug|Any CPU
		{954079C3-9246-4B20-B92D-8346FDDDF326}.Debug|Any CPU.Build.0 = Debug|Any CPU
		{954079C3-9246-4B20-B92D-8346FDDDF326}.Debug|x64.ActiveCfg = Debug|Any CPU
		{954079C3-9246-4B20-B92D-8346FDDDF326}.Debug|x64.Build.0 = Debug|Any CPU
		{954079C3-9246-4B20-B92D-8346FDDDF326}.Debug|x86.ActiveCfg = Debug|Any CPU
		{954079C3-9246-4B20-B92D-8346FDDDF326}.Debug|x86.Build.0 = Debug|Any CPU
		{954079C3-9246-4B20-B92D-8346FDDDF326}.Release|Any CPU.ActiveCfg = Release|Any CPU
		{954079C3-9246-4B20-B92D-8346FDDDF326}.Release|Any CPU.Build.0 = Release|Any CPU
		{954079C3-9246-4B20-B92D-8346FDDDF326}.Release|x64.ActiveCfg = Release|Any CPU
		{954079C3-9246-4B20-B92D-8346FDDDF326}.Release|x64.Build.0 = Release|Any CPU
		{954079C3-9246-4B20-B92D-8346FDDDF326}.Release|x86.ActiveCfg = Release|Any CPU
		{954079C3-9246-4B20-B92D-8346FDDDF326}.Release|x86.Build.0 = Release|Any CPU
		{A76AD723-4533-43A3-8C2B-F06190C01AC7}.Debug|Any CPU.ActiveCfg = Debug|Any CPU
		{A76AD723-4533-43A3-8C2B-F06190C01AC7}.Debug|Any CPU.Build.0 = Debug|Any CPU
		{A76AD723-4533-43A3-8C2B-F06190C01AC7}.Debug|x64.ActiveCfg = Debug|Any CPU
		{A76AD723-4533-43A3-8C2B-F06190C01AC7}.Debug|x64.Build.0 = Debug|Any CPU
		{A76AD723-4533-43A3-8C2B-F06190C01AC7}.Debug|x86.ActiveCfg = Debug|Any CPU
		{A76AD723-4533-43A3-8C2B-F06190C01AC7}.Debug|x86.Build.0 = Debug|Any CPU
		{A76AD723-4533-43A3-8C2B-F06190C01AC7}.Release|Any CPU.ActiveCfg = Release|Any CPU
		{A76AD723-4533-43A3-8C2B-F06190C01AC7}.Release|Any CPU.Build.0 = Release|Any CPU
		{A76AD723-4533-43A3-8C2B-F06190C01AC7}.Release|x64.ActiveCfg = Release|Any CPU
		{A76AD723-4533-43A3-8C2B-F06190C01AC7}.Release|x64.Build.0 = Release|Any CPU
		{A76AD723-4533-43A3-8C2B-F06190C01AC7}.Release|x86.ActiveCfg = Release|Any CPU
		{A76AD723-4533-43A3-8C2B-F06190C01AC7}.Release|x86.Build.0 = Release|Any CPU
	EndGlobalSection
	GlobalSection(SolutionProperties) = preSolution
		HideSolutionNode = FALSE
	EndGlobalSection
	GlobalSection(NestedProjects) = preSolution
		{FE360695-3F2B-1049-3887-35FBB5135923} = {827E0CD3-B72D-47B6-A68D-7590B98EB39B}
		{AFCF1EC8-9CDD-478F-A055-03185D91E7E4} = {FE360695-3F2B-1049-3887-35FBB5135923}
		{945DB111-4BF8-41C4-A735-9EA28CC093CA} = {FE360695-3F2B-1049-3887-35FBB5135923}
		{5B686E3A-7D4A-4025-9AB3-42D2E39FBEF0} = {FE360695-3F2B-1049-3887-35FBB5135923}
		{555C4F00-6DC7-4088-A306-2011C85E7C2C} = {FE360695-3F2B-1049-3887-35FBB5135923}
		{C5219B70-1BA3-49AA-8866-F632E8CFB9BC} = {0AB3BF05-4346-4AA6-1389-037BE0695223}
		{954079C3-9246-4B20-B92D-8346FDDDF326} = {0AB3BF05-4346-4AA6-1389-037BE0695223}
		{A76AD723-4533-43A3-8C2B-F06190C01AC7} = {0AB3BF05-4346-4AA6-1389-037BE0695223}
	EndGlobalSection
EndGlobal
